{
  "R": {
    "Version": "4.3.1",
    "Repositories": [
      {
        "Name": "CRAN",
        "URL": "https://cloud.r-project.org"
      }
    ]
  },
  "Packages": {
    "tidyverse": {
      "Package": "tidyverse",
      "Version": "2.0.0",
      "Source": "Repository",
      "Repository": "CRAN",
      "Requirements": [
        "R",
        "dplyr",
        "ggplot2",
        "purrr",
        "readr",
        "stringr",
        "tibble",
        "tidyr"
      ]
    },
    "lme4": {
      "Package": "lme4",
      "Version": "1.1.34",
      "Source": "Repository",
      "Repository": "CRAN",
      "Requirements": [
        "R",
        "Matrix",
        "MASS",
        "methods",
        "nlme",
        "minqa",
        "nloptr",
        "Rcpp",
        "RcppEigen"
      ]
    },
    "car": {
      "Package": "car",
      "Version": "3.1.2",
      "Source": "Repository",
      "Repository": "CRAN",
      "Requirements": [
        "R",
        "MASS",
        "abind",
        "carData",
        "lme4",
        "mgcv",
        "nlme",
        "nnet",
        "pbkrtest",
        "quantreg",
        "scales"
      ]
    },
    "effectsize": {
      "Package": "effectsize",
      "Version": "0.8.6",
      "Source": "Repository",
      "Repository": "CRAN",
      "Requirements": [
        "R",
        "bayestestR",
        "datawizard",
        "insight",
        "parameters",
        "performance",
        "stats",
        "utils"
      ]
    },
    "pwr": {
      "Package": "pwr",
      "Version": "1.3.0",
      "Source": "Repository",
      "Repository": "CRAN",
      "Requirements": [
        "R",
        "stats"
      ]
    },
    "rmarkdown": {
      "Package": "rmarkdown",
      "Version": "2.25",
      "Source": "Repository",
      "Repository": "CRAN",
      "Requirements": [
        "R",
        "base64enc",
        "digest",
        "evaluate",
        "htmltools",
        "jquerylib",
        "jsonlite",
        "knitr",
        "stringr",
        "tinytex",
        "xfun",
        "yaml"
      ]
    },
    "knitr": {
      "Package": "knitr",
      "Version": "1.44",
      "Source": "Repository",
      "Repository": "CRAN",
      "Requirements": [
        "R",
        "evaluate",
        "highr",
        "xfun",
        "yaml"
      ]
    },
    "data.table": {
      "Package": "data.table",
      "Version": "1.14.10",
      "Source": "Repository",
      "Repository": "CRAN",
      "Requirements": [
        "R",
        "methods"
      ]
    },
    "testthat": {
      "Package": "testthat",
      "Version": "3.2.0",
      "Source": "Repository",
      "Repository": "CRAN",
      "Requirements": [
        "R",
        "brio",
        "callr",
        "cli",
        "desc",
        "diffobj",
        "evaluate",
        "jsonlite",
        "lifecycle",
        "magrittr",
        "pkgload",
        "praise",
        "processx",
        "ps",
        "rlang",
        "waldo",
        "withr"
      ]
    },
    "lintr": {
      "Package": "lintr",
      "Version": "3.1.0",
      "Source": "Repository",
      "Repository": "CRAN",
      "Requirements": [
        "R",
        "backports",
        "codetools",
        "digest",
        "glue",
        "knitr",
        "purrr",
        "rex",
        "stats",
        "stringi",
        "utils",
        "xml2",
        "xmlparsedata",
        "yaml"
      ]
    }
  }
}
