{
  "R": {
    "Version": "4.3.0",
    "Repositories": [
      {
        "Name": "CRAN",
        "URL": "https://cloud.r-project.org"
      }
    ]
  },
  "Packages": {
    "tidyverse": {
      "Package": "tidyverse",
      "Version": "2.0.0",
      "Source": "Repository",
      "Repository": "CRAN",
      "Requirements": [
        "ggplot2",
        "dplyr",
        "tidyr",
        "readr",
        "purrr",
        "tibble",
        "stringr",
        "forcats"
      ],
      "Hash": "a1b2c3d4e5f6"
    },
    "lme4": {
      "Package": "lme4",
      "Version": "1.1-35",
      "Source": "Repository",
      "Repository": "CRAN",
      "Requirements": [
        "Matrix",
        "Rcpp",
        "RcppEigen"
      ],
      "Hash": "b2c3d4e5f6a7"
    },
    "car": {
      "Package": "car",
      "Version": "3.1-2",
      "Source": "Repository",
      "Repository": "CRAN",
      "Requirements": [
        "carData",
        "abind",
        "pbkrtest"
      ],
      "Hash": "c3d4e5f6a7b8"
    },
    "effectsize": {
      "Package": "effectsize",
      "Version": "0.8.5",
      "Source": "Repository",
      "Repository": "CRAN",
      "Requirements": [
        "bayestestR",
        "insight",
        "datawizard"
      ],
      "Hash": "d4e5f6a7b8c9"
    },
    "pwr": {
      "Package": "pwr",
      "Version": "1.3-0",
      "Source": "Repository",
      "Repository": "CRAN",
      "Hash": "e5f6a7b8c9d0"
    },
    "rmarkdown": {
      "Package": "rmarkdown",
      "Version": "2.25",
      "Source": "Repository",
      "Repository": "CRAN",
      "Requirements": [
        "knitr",
        "htmltools",
        "yaml"
      ],
      "Hash": "f6a7b8c9d0e1"
    },
    "knitr": {
      "Package": "knitr",
      "Version": "1.45",
      "Source": "Repository",
      "Repository": "CRAN",
      "Requirements": [
        "evaluate",
        "highr"
      ],
      "Hash": "a7b8c9d0e1f2"
    },
    "data.table": {
      "Package": "data.table",
      "Version": "1.15.0",
      "Source": "Repository",
      "Repository": "CRAN",
      "Hash": "b8c9d0e1f2a3"
    },
    "testthat": {
      "Package": "testthat",
      "Version": "3.2.1",
      "Source": "Repository",
      "Repository": "CRAN",
      "Requirements": [
        "brio",
        "callr",
        "cli",
        "desc",
        "diffobj",
        "evaluate",
        "jsonlite",
        "lifecycle",
        "magrittr",
        "pkgload",
        "praise",
        "processx",
        "ps",
        "rlang",
        "waldo",
        "withr"
      ],
      "Hash": "c9d0e1f2a3b4"
    },
    "lintr": {
      "Package": "lintr",
      "Version": "3.1.0",
      "Source": "Repository",
      "Repository": "CRAN",
      "Requirements": [
        "backports",
        "codetools",
        "digest",
        "glue",
        "knitr",
        "rex"
      ],
      "Hash": "d0e1f2a3b4c5"
    }
  }
}
